
Microsoft Visual Studio Solution File, Format Version 12.00
# Visual Studio 15
VisualStudioVersion = 15.0.28307.539
MinimumVisualStudioVersion = 10.0.40219.1
Project("{8BC9CEB8-8B4A-11D0-8D11-00A0C91BC942}") = "LP_Lab10", "LP_Lab10\LP_Lab10.vcxproj", "{5D098785-A7A2-4B1B-ACEB-F5BDE0C241BD}"
EndProject
Global
	GlobalSection(SolutionConfigurationPlatforms) = preSolution
		Debug|x64 = Debug|x64
		Debug|x86 = Debug|x86
		Release|x64 = Release|x64
		Release|x86 = Release|x86
	EndGlobalSection
	GlobalSection(ProjectConfigurationPlatforms) = postSolution
		{5D098785-A7A2-4B1B-ACEB-F5BDE0C241BD}.Debug|x64.ActiveCfg = Debug|x64
		{5D098785-A7A2-4B1B-ACEB-F5BDE0C241BD}.Debug|x64.Build.0 = Debug|x64
		{5D098785-A7A2-4B1B-ACEB-F5BDE0C241BD}.Debug|x86.ActiveCfg = Debug|Win32
		{5D098785-A7A2-4B1B-ACEB-F5BDE0C241BD}.Debug|x86.Build.0 = Debug|Win32
		{5D098785-A7A2-4B1B-ACEB-F5BDE0C241BD}.Release|x64.ActiveCfg = Release|x64
		{5D098785-A7A2-4B1B-ACEB-F5BDE0C241BD}.Release|x64.Build.0 = Release|x64
		{5D098785-A7A2-4B1B-ACEB-F5BDE0C241BD}.Release|x86.ActiveCfg = Release|Win32
		{5D098785-A7A2-4B1B-ACEB-F5BDE0C241BD}.Release|x86.Build.0 = Release|Win32
	EndGlobalSection
	GlobalSection(SolutionProperties) = preSolution
		HideSolutionNode = FALSE
	EndGlobalSection
	GlobalSection(ExtensibilityGlobals) = postSolution
		SolutionGuid = {91D7C8BE-8903-405D-B81B-388D9D63B5AD}
	EndGlobalSection
EndGlobal
